%{
  "cryptopunk": {:hex, :cryptopunk, "0.6.6", "de017a93ab9563c002e9723d991edd71eb2f90f43e3071cf8304557ff5083daf", [:mix], [{:ex_base58, "~> 0.5", [hex: :ex_base58, repo: "hexpm", optional: false]}, {:ex_bech32, "~> 0.4", [hex: :ex_bech32, repo: "hexpm", optional: false]}, {:ex_keccak, "~> 0.6", [hex: :ex_keccak, repo: "hexpm", optional: false]}, {:ex_pbkdf2, "~> 0.7", [hex: :ex_pbkdf2, repo: "hexpm", optional: false]}, {:ex_secp256k1, "~> 0.6", [hex: :ex_secp256k1, repo: "hexpm", optional: false]}, {:jason, "~> 1.3", [hex: :jason, repo: "hexpm", optional: false]}], "hexpm", "58218d8e4a24128a037c328cec89621c8628650ea042b971e0b2089c27ebd188"},
  "ex_base58": {:hex, :ex_base58, "0.5.0", "8eb5301a5460f17e5d23ec18fa855e41dda00b514ef60e6613d19058dfa0e716", [:mix], [{:rustler, "~> 0.26", [hex: :rustler, repo: "hexpm", optional: false]}], "hexpm", "7c4de7f14c9f650f10e403e99ec42f4225dd8151e6ab40d1fda5079328e2697e"},
  "ex_bech32": {:hex, :ex_bech32, "0.4.0", "11b7ddd7fb91f86bd681d88bb2d6bb89ad60489ddd0d97651100d9ca19ddf880", [:mix], [{:rustler, "~> 0.26", [hex: :rustler, repo: "hexpm", optional: false]}], "hexpm", "20b2bf9c339b5b767ed39a676e1c0fa75e821bc402a5e18a0d32191878639e37"},
  "ex_keccak": {:hex, :ex_keccak, "0.6.0", "0e1f8974dd6630dd4fb0b64f9eabbceeffb9675da3ab95dea653798365802cf4", [:mix], [{:rustler, "~> 0.26", [hex: :rustler, repo: "hexpm", optional: false]}], "hexpm", "84b20cfe6a063edab311b2c8ff8b221698c84cbd5fbdba059e51636540142538"},
  "ex_pbkdf2": {:hex, :ex_pbkdf2, "0.7.1", "4422ef54c71093054a5d6951ac9828534b5e1261b0bf9aa051d8e3bcfd925dbd", [:mix], [{:rustler, "~> 0.26", [hex: :rustler, repo: "hexpm", optional: false]}], "hexpm", "b4d131abf0b805c490adcb9c35bc77f8d9357d00c6bdf3ea17485acaa0f78202"},
  "ex_secp256k1": {:hex, :ex_secp256k1, "0.6.0", "a539c50a7b88829fc2803abe8cc94ef11c0237fac6e517c786bda639ac614cde", [:mix], [{:rustler, "~> 0.26", [hex: :rustler, repo: "hexpm", optional: false]}], "hexpm", "550d105541c24ca7d718d38dd420fcc0fe25d3f165beb7435f7e2de0dcdd9b17"},
  "jason": {:hex, :jason, "1.4.0", "e855647bc964a44e2f67df589ccf49105ae039d4179db7f6271dfd3843dc27e6", [:mix], [{:decimal, "~> 1.0 or ~> 2.0", [hex: :decimal, repo: "hexpm", optional: true]}], "hexpm", "79a3791085b2a0f743ca04cec0f7be26443738779d09302e01318f97bdb82121"},
  "rustler": {:hex, :rustler, "0.26.0", "06a2773d453ee3e9109efda643cf2ae633dedea709e2455ac42b83637c9249bf", [:mix], [{:jason, "~> 1.0", [hex: :jason, repo: "hexpm", optional: false]}, {:toml, "~> 0.6", [hex: :toml, repo: "hexpm", optional: false]}], "hexpm", "42961e9d2083d004d5a53e111ad1f0c347efd9a05cb2eb2ffa1d037cdc74db91"},
  "toml": {:hex, :toml, "0.7.0", "fbcd773caa937d0c7a02c301a1feea25612720ac3fa1ccb8bfd9d30d822911de", [:mix], [], "hexpm", "0690246a2478c1defd100b0c9b89b4ea280a22be9a7b313a8a058a2408a2fa70"},
}
